PODS:
  - Alamofire (5.6.2)
  - OpenCageSDK (0.3.0)
  - SwiftLint (0.49.1)

DEPENDENCIES:
  - Alamofire
  - OpenCageSDK
  - SwiftLint

SPEC REPOS:
  trunk:
    - Alamofire
    - OpenCageSDK
    - SwiftLint

SPEC CHECKSUMS:
  Alamofire: d368e1ff8a298e6dde360e35a3e68e6c610e7204
  OpenCageSDK: c20e86c87d5257953a854dab5e08e43ceee1c47e
  SwiftLint: 32ee33ded0636d0905ef6911b2b67bbaeeedafa5

PODFILE CHECKSUM: 58be8b598072c8980f1328b6d2096aa77e9356e2

COCOAPODS: 1.11.3
