// !$*UTF8*$!
{
	archiveVersion = 1;
	classes = {
	};
	objectVersion = 56;
	objects = {

/* Begin PBXBuildFile section */
		D89C3348294F277200146974 /* AppDelegate.swift in Sources */ = {isa = PBXBuildFile; fileRef = D89C3347294F277200146974 /* AppDelegate.swift */; };
		D89C334A294F277200146974 /* SceneDelegate.swift in Sources */ = {isa = PBXBuildFile; fileRef = D89C3349294F277200146974 /* SceneDelegate.swift */; };
		D89C3351294F277300146974 /* Assets.xcassets in Resources */ = {isa = PBXBuildFile; fileRef = D89C3350294F277300146974 /* Assets.xcassets */; };
		D89C3354294F277300146974 /* LaunchScreen.storyboard in Resources */ = {isa = PBXBuildFile; fileRef = D89C3352294F277300146974 /* LaunchScreen.storyboard */; };
		D89C335F294F297B00146974 /* BulletinViewController.swift in Sources */ = {isa = PBXBuildFile; fileRef = D89C335D294F297B00146974 /* BulletinViewController.swift */; };
		D89C3360294F297B00146974 /* BulletinViewController.xib in Resources */ = {isa = PBXBuildFile; fileRef = D89C335E294F297B00146974 /* BulletinViewController.xib */; };
		D89C3362294F2A1300146974 /* Extension.swift in Sources */ = {isa = PBXBuildFile; fileRef = D89C3361294F2A1300146974 /* Extension.swift */; };
		D89C3366294F2D4300146974 /* BulletinCollectionViewCell.swift in Sources */ = {isa = PBXBuildFile; fileRef = D89C3364294F2D4300146974 /* BulletinCollectionViewCell.swift */; };
		D89C3367294F2D4300146974 /* BulletinCollectionViewCell.xib in Resources */ = {isa = PBXBuildFile; fileRef = D89C3365294F2D4300146974 /* BulletinCollectionViewCell.xib */; };
		D89C336B2950EE0300146974 /* AdvertViewController.swift in Sources */ = {isa = PBXBuildFile; fileRef = D89C33692950EE0300146974 /* AdvertViewController.swift */; };
		D89C336C2950EE0300146974 /* AdvertViewController.xib in Resources */ = {isa = PBXBuildFile; fileRef = D89C336A2950EE0300146974 /* AdvertViewController.xib */; };
		D8CC7ADE2955BF9900D24F03 /* ContainerViewController.swift in Sources */ = {isa = PBXBuildFile; fileRef = D8CC7ADD2955BF9900D24F03 /* ContainerViewController.swift */; };
		D8CC7AE22955EB8D00D24F03 /* MenuViewController.swift in Sources */ = {isa = PBXBuildFile; fileRef = D8CC7AE02955EB8D00D24F03 /* MenuViewController.swift */; };
		D8CC7AE32955EB8D00D24F03 /* MenuViewController.xib in Resources */ = {isa = PBXBuildFile; fileRef = D8CC7AE12955EB8D00D24F03 /* MenuViewController.xib */; };
		D8CC7AE62956F20E00D24F03 /* Lostpet.swift in Sources */ = {isa = PBXBuildFile; fileRef = D8CC7AE52956F20E00D24F03 /* Lostpet.swift */; };
		D8CC7AEE295704DF00D24F03 /* CreateAdvertViewController.swift in Sources */ = {isa = PBXBuildFile; fileRef = D8CC7AEC295704DF00D24F03 /* CreateAdvertViewController.swift */; };
		D8CC7AEF295704DF00D24F03 /* CreateAdvertViewController.xib in Resources */ = {isa = PBXBuildFile; fileRef = D8CC7AED295704DF00D24F03 /* CreateAdvertViewController.xib */; };
		D8CC7AF229579B6200D24F03 /* AdvertData.xcdatamodeld in Sources */ = {isa = PBXBuildFile; fileRef = D8CC7AF029579B6200D24F03 /* AdvertData.xcdatamodeld */; };
/* End PBXBuildFile section */

/* Begin PBXFileReference section */
		D89C3344294F277200146974 /* FindMyPets.app */ = {isa = PBXFileReference; explicitFileType = wrapper.application; includeInIndex = 0; path = FindMyPets.app; sourceTree = BUILT_PRODUCTS_DIR; };
		D89C3347294F277200146974 /* AppDelegate.swift */ = {isa = PBXFileReference; lastKnownFileType = sourcecode.swift; path = AppDelegate.swift; sourceTree = "<group>"; };
		D89C3349294F277200146974 /* SceneDelegate.swift */ = {isa = PBXFileReference; lastKnownFileType = sourcecode.swift; path = SceneDelegate.swift; sourceTree = "<group>"; };
		D89C3350294F277300146974 /* Assets.xcassets */ = {isa = PBXFileReference; lastKnownFileType = folder.assetcatalog; path = Assets.xcassets; sourceTree = "<group>"; };
		D89C3353294F277300146974 /* Base */ = {isa = PBXFileReference; lastKnownFileType = file.storyboard; name = Base; path = Base.lproj/LaunchScreen.storyboard; sourceTree = "<group>"; };
		D89C3355294F277300146974 /* Info.plist */ = {isa = PBXFileReference; lastKnownFileType = text.plist.xml; path = Info.plist; sourceTree = "<group>"; };
		D89C335D294F297B00146974 /* BulletinViewController.swift */ = {isa = PBXFileReference; lastKnownFileType = sourcecode.swift; path = BulletinViewController.swift; sourceTree = "<group>"; };
		D89C335E294F297B00146974 /* BulletinViewController.xib */ = {isa = PBXFileReference; lastKnownFileType = file.xib; path = BulletinViewController.xib; sourceTree = "<group>"; };
		D89C3361294F2A1300146974 /* Extension.swift */ = {isa = PBXFileReference; lastKnownFileType = sourcecode.swift; path = Extension.swift; sourceTree = "<group>"; };
		D89C3364294F2D4300146974 /* BulletinCollectionViewCell.swift */ = {isa = PBXFileReference; lastKnownFileType = sourcecode.swift; path = BulletinCollectionViewCell.swift; sourceTree = "<group>"; };
		D89C3365294F2D4300146974 /* BulletinCollectionViewCell.xib */ = {isa = PBXFileReference; lastKnownFileType = file.xib; path = BulletinCollectionViewCell.xib; sourceTree = "<group>"; };
		D89C33692950EE0300146974 /* AdvertViewController.swift */ = {isa = PBXFileReference; lastKnownFileType = sourcecode.swift; path = AdvertViewController.swift; sourceTree = "<group>"; };
		D89C336A2950EE0300146974 /* AdvertViewController.xib */ = {isa = PBXFileReference; lastKnownFileType = file.xib; path = AdvertViewController.xib; sourceTree = "<group>"; };
		D8CC7ADD2955BF9900D24F03 /* ContainerViewController.swift */ = {isa = PBXFileReference; lastKnownFileType = sourcecode.swift; path = ContainerViewController.swift; sourceTree = "<group>"; };
		D8CC7AE02955EB8D00D24F03 /* MenuViewController.swift */ = {isa = PBXFileReference; lastKnownFileType = sourcecode.swift; path = MenuViewController.swift; sourceTree = "<group>"; };
		D8CC7AE12955EB8D00D24F03 /* MenuViewController.xib */ = {isa = PBXFileReference; lastKnownFileType = file.xib; path = MenuViewController.xib; sourceTree = "<group>"; };
		D8CC7AE52956F20E00D24F03 /* Lostpet.swift */ = {isa = PBXFileReference; lastKnownFileType = sourcecode.swift; path = Lostpet.swift; sourceTree = "<group>"; };
		D8CC7AEC295704DF00D24F03 /* CreateAdvertViewController.swift */ = {isa = PBXFileReference; lastKnownFileType = sourcecode.swift; path = CreateAdvertViewController.swift; sourceTree = "<group>"; };
		D8CC7AED295704DF00D24F03 /* CreateAdvertViewController.xib */ = {isa = PBXFileReference; lastKnownFileType = file.xib; path = CreateAdvertViewController.xib; sourceTree = "<group>"; };
		D8CC7AF129579B6200D24F03 /* AdvertData.xcdatamodel */ = {isa = PBXFileReference; lastKnownFileType = wrapper.xcdatamodel; path = AdvertData.xcdatamodel; sourceTree = "<group>"; };
/* End PBXFileReference section */

/* Begin PBXFrameworksBuildPhase section */
		D89C3341294F277200146974 /* Frameworks */ = {
			isa = PBXFrameworksBuildPhase;
			buildActionMask = 2147483647;
			files = (
			);
			runOnlyForDeploymentPostprocessing = 0;
		};
/* End PBXFrameworksBuildPhase section */

/* Begin PBXGroup section */
		D89C333B294F277200146974 = {
			isa = PBXGroup;
			children = (
				D89C3346294F277200146974 /* FindMyPets */,
				D89C3345294F277200146974 /* Products */,
			);
			sourceTree = "<group>";
		};
		D89C3345294F277200146974 /* Products */ = {
			isa = PBXGroup;
			children = (
				D89C3344294F277200146974 /* FindMyPets.app */,
			);
			name = Products;
			sourceTree = "<group>";
		};
		D89C3346294F277200146974 /* FindMyPets */ = {
			isa = PBXGroup;
			children = (
				D8CC7AE42956F1B900D24F03 /* Model */,
				D8CC7ADC2955BF7600D24F03 /* Container */,
				D89C335B294F291200146974 /* Bulletin board */,
				D89C3347294F277200146974 /* AppDelegate.swift */,
				D89C3349294F277200146974 /* SceneDelegate.swift */,
				D89C3352294F277300146974 /* LaunchScreen.storyboard */,
				D89C3355294F277300146974 /* Info.plist */,
				D89C3361294F2A1300146974 /* Extension.swift */,
				D89C3350294F277300146974 /* Assets.xcassets */,
				D8CC7AF029579B6200D24F03 /* AdvertData.xcdatamodeld */,
			);
			path = FindMyPets;
			sourceTree = "<group>";
		};
		D89C335B294F291200146974 /* Bulletin board */ = {
			isa = PBXGroup;
			children = (
				D8CC7AE72956F8CA00D24F03 /* formCreateAdvert */,
				D8CC7ADF2955EB5300D24F03 /* MenuView */,
				D89C33682950EDCF00146974 /* AdvertPage */,
				D89C3363294F2D2000146974 /* BulletinViewCell */,
				D89C335C294F293300146974 /* BulletinCollectionView */,
			);
			path = "Bulletin board";
			sourceTree = "<group>";
		};
		D89C335C294F293300146974 /* BulletinCollectionView */ = {
			isa = PBXGroup;
			children = (
				D89C335D294F297B00146974 /* BulletinViewController.swift */,
				D89C335E294F297B00146974 /* BulletinViewController.xib */,
			);
			path = BulletinCollectionView;
			sourceTree = "<group>";
		};
		D89C3363294F2D2000146974 /* BulletinViewCell */ = {
			isa = PBXGroup;
			children = (
				D89C3364294F2D4300146974 /* BulletinCollectionViewCell.swift */,
				D89C3365294F2D4300146974 /* BulletinCollectionViewCell.xib */,
			);
			path = BulletinViewCell;
			sourceTree = "<group>";
		};
		D89C33682950EDCF00146974 /* AdvertPage */ = {
			isa = PBXGroup;
			children = (
				D89C33692950EE0300146974 /* AdvertViewController.swift */,
				D89C336A2950EE0300146974 /* AdvertViewController.xib */,
			);
			path = AdvertPage;
			sourceTree = "<group>";
		};
		D8CC7ADC2955BF7600D24F03 /* Container */ = {
			isa = PBXGroup;
			children = (
				D8CC7ADD2955BF9900D24F03 /* ContainerViewController.swift */,
			);
			path = Container;
			sourceTree = "<group>";
		};
		D8CC7ADF2955EB5300D24F03 /* MenuView */ = {
			isa = PBXGroup;
			children = (
				D8CC7AE02955EB8D00D24F03 /* MenuViewController.swift */,
				D8CC7AE12955EB8D00D24F03 /* MenuViewController.xib */,
			);
			path = MenuView;
			sourceTree = "<group>";
		};
		D8CC7AE42956F1B900D24F03 /* Model */ = {
			isa = PBXGroup;
			children = (
				D8CC7AE52956F20E00D24F03 /* Lostpet.swift */,
			);
			path = Model;
			sourceTree = "<group>";
		};
		D8CC7AE72956F8CA00D24F03 /* formCreateAdvert */ = {
			isa = PBXGroup;
			children = (
				D8CC7AEC295704DF00D24F03 /* CreateAdvertViewController.swift */,
				D8CC7AED295704DF00D24F03 /* CreateAdvertViewController.xib */,
			);
			path = formCreateAdvert;
			sourceTree = "<group>";
		};
/* End PBXGroup section */

/* Begin PBXNativeTarget section */
		D89C3343294F277200146974 /* FindMyPets */ = {
			isa = PBXNativeTarget;
			buildConfigurationList = D89C3358294F277300146974 /* Build configuration list for PBXNativeTarget "FindMyPets" */;
			buildPhases = (
				D89C3340294F277200146974 /* Sources */,
				D89C3341294F277200146974 /* Frameworks */,
				D89C3342294F277200146974 /* Resources */,
			);
			buildRules = (
			);
			dependencies = (
			);
			name = FindMyPets;
			productName = FindMyPets;
			productReference = D89C3344294F277200146974 /* FindMyPets.app */;
			productType = "com.apple.product-type.application";
		};
/* End PBXNativeTarget section */

/* Begin PBXProject section */
		D89C333C294F277200146974 /* Project object */ = {
			isa = PBXProject;
			attributes = {
				BuildIndependentTargetsInParallel = 1;
				LastSwiftUpdateCheck = 1410;
				LastUpgradeCheck = 1410;
				TargetAttributes = {
					D89C3343294F277200146974 = {
						CreatedOnToolsVersion = 14.1;
					};
				};
			};
			buildConfigurationList = D89C333F294F277200146974 /* Build configuration list for PBXProject "FindMyPets" */;
			compatibilityVersion = "Xcode 14.0";
			developmentRegion = en;
			hasScannedForEncodings = 0;
			knownRegions = (
				en,
				Base,
			);
			mainGroup = D89C333B294F277200146974;
			productRefGroup = D89C3345294F277200146974 /* Products */;
			projectDirPath = "";
			projectRoot = "";
			targets = (
				D89C3343294F277200146974 /* FindMyPets */,
			);
		};
/* End PBXProject section */

/* Begin PBXResourcesBuildPhase section */
		D89C3342294F277200146974 /* Resources */ = {
			isa = PBXResourcesBuildPhase;
			buildActionMask = 2147483647;
			files = (
				D89C336C2950EE0300146974 /* AdvertViewController.xib in Resources */,
				D8CC7AE32955EB8D00D24F03 /* MenuViewController.xib in Resources */,
				D8CC7AEF295704DF00D24F03 /* CreateAdvertViewController.xib in Resources */,
				D89C3360294F297B00146974 /* BulletinViewController.xib in Resources */,
				D89C3367294F2D4300146974 /* BulletinCollectionViewCell.xib in Resources */,
				D89C3354294F277300146974 /* LaunchScreen.storyboard in Resources */,
				D89C3351294F277300146974 /* Assets.xcassets in Resources */,
			);
			runOnlyForDeploymentPostprocessing = 0;
		};
/* End PBXResourcesBuildPhase section */

/* Begin PBXSourcesBuildPhase section */
		D89C3340294F277200146974 /* Sources */ = {
			isa = PBXSourcesBuildPhase;
			buildActionMask = 2147483647;
			files = (
				D89C3348294F277200146974 /* AppDelegate.swift in Sources */,
				D89C334A294F277200146974 /* SceneDelegate.swift in Sources */,
				D8CC7AE62956F20E00D24F03 /* Lostpet.swift in Sources */,
				D8CC7ADE2955BF9900D24F03 /* ContainerViewController.swift in Sources */,
				D89C335F294F297B00146974 /* BulletinViewController.swift in Sources */,
				D89C3366294F2D4300146974 /* BulletinCollectionViewCell.swift in Sources */,
				D8CC7AF229579B6200D24F03 /* AdvertData.xcdatamodeld in Sources */,
				D89C336B2950EE0300146974 /* AdvertViewController.swift in Sources */,
				D89C3362294F2A1300146974 /* Extension.swift in Sources */,
				D8CC7AEE295704DF00D24F03 /* CreateAdvertViewController.swift in Sources */,
				D8CC7AE22955EB8D00D24F03 /* MenuViewController.swift in Sources */,
			);
			runOnlyForDeploymentPostprocessing = 0;
		};
/* End PBXSourcesBuildPhase section */

/* Begin PBXVariantGroup section */
		D89C3352294F277300146974 /* LaunchScreen.storyboard */ = {
			isa = PBXVariantGroup;
			children = (
				D89C3353294F277300146974 /* Base */,
			);
			name = LaunchScreen.storyboard;
			sourceTree = "<group>";
		};
/* End PBXVariantGroup section */

/* Begin XCBuildConfiguration section */
		D89C3356294F277300146974 /* Debug */ = {
			isa = XCBuildConfiguration;
			buildSettings = {
				ALWAYS_SEARCH_USER_PATHS = NO;
				CLANG_ANALYZER_NONNULL = YES;
				CLANG_ANALYZER_NUMBER_OBJECT_CONVERSION = YES_AGGRESSIVE;
				CLANG_CXX_LANGUAGE_STANDARD = "gnu++20";
				CLANG_ENABLE_MODULES = YES;
				CLANG_ENABLE_OBJC_ARC = YES;
				CLANG_ENABLE_OBJC_WEAK = YES;
				CLANG_WARN_BLOCK_CAPTURE_AUTORELEASING = YES;
				CLANG_WARN_BOOL_CONVERSION = YES;
				CLANG_WARN_COMMA = YES;
				CLANG_WARN_CONSTANT_CONVERSION = YES;
				CLANG_WARN_DEPRECATED_OBJC_IMPLEMENTATIONS = YES;
				CLANG_WARN_DIRECT_OBJC_ISA_USAGE = YES_ERROR;
				CLANG_WARN_DOCUMENTATION_COMMENTS = YES;
				CLANG_WARN_EMPTY_BODY = YES;
				CLANG_WARN_ENUM_CONVERSION = YES;
				CLANG_WARN_INFINITE_RECURSION = YES;
				CLANG_WARN_INT_CONVERSION = YES;
				CLANG_WARN_NON_LITERAL_NULL_CONVERSION = YES;
				CLANG_WARN_OBJC_IMPLICIT_RETAIN_SELF = YES;
				CLANG_WARN_OBJC_LITERAL_CONVERSION = YES;
				CLANG_WARN_OBJC_ROOT_CLASS = YES_ERROR;
				CLANG_WARN_QUOTED_INCLUDE_IN_FRAMEWORK_HEADER = YES;
				CLANG_WARN_RANGE_LOOP_ANALYSIS = YES;
				CLANG_WARN_STRICT_PROTOTYPES = YES;
				CLANG_WARN_SUSPICIOUS_MOVE = YES;
				CLANG_WARN_UNGUARDED_AVAILABILITY = YES_AGGRESSIVE;
				CLANG_WARN_UNREACHABLE_CODE = YES;
				CLANG_WARN__DUPLICATE_METHOD_MATCH = YES;
				COPY_PHASE_STRIP = NO;
				DEBUG_INFORMATION_FORMAT = dwarf;
				ENABLE_STRICT_OBJC_MSGSEND = YES;
				ENABLE_TESTABILITY = YES;
				GCC_C_LANGUAGE_STANDARD = gnu11;
				GCC_DYNAMIC_NO_PIC = NO;
				GCC_NO_COMMON_BLOCKS = YES;
				GCC_OPTIMIZATION_LEVEL = 0;
				GCC_PREPROCESSOR_DEFINITIONS = (
					"DEBUG=1",
					"$(inherited)",
				);
				GCC_WARN_64_TO_32_BIT_CONVERSION = YES;
				GCC_WARN_ABOUT_RETURN_TYPE = YES_ERROR;
				GCC_WARN_UNDECLARED_SELECTOR = YES;
				GCC_WARN_UNINITIALIZED_AUTOS = YES_AGGRESSIVE;
				GCC_WARN_UNUSED_FUNCTION = YES;
				GCC_WARN_UNUSED_VARIABLE = YES;
				IPHONEOS_DEPLOYMENT_TARGET = 16.1;
				MTL_ENABLE_DEBUG_INFO = INCLUDE_SOURCE;
				MTL_FAST_MATH = YES;
				ONLY_ACTIVE_ARCH = YES;
				SDKROOT = iphoneos;
				SWIFT_ACTIVE_COMPILATION_CONDITIONS = DEBUG;
				SWIFT_OPTIMIZATION_LEVEL = "-Onone";
			};
			name = Debug;
		};
		D89C3357294F277300146974 /* Release */ = {
			isa = XCBuildConfiguration;
			buildSettings = {
				ALWAYS_SEARCH_USER_PATHS = NO;
				CLANG_ANALYZER_NONNULL = YES;
				CLANG_ANALYZER_NUMBER_OBJECT_CONVERSION = YES_AGGRESSIVE;
				CLANG_CXX_LANGUAGE_STANDARD = "gnu++20";
				CLANG_ENABLE_MODULES = YES;
				CLANG_ENABLE_OBJC_ARC = YES;
				CLANG_ENABLE_OBJC_WEAK = YES;
				CLANG_WARN_BLOCK_CAPTURE_AUTORELEASING = YES;
				CLANG_WARN_BOOL_CONVERSION = YES;
				CLANG_WARN_COMMA = YES;
				CLANG_WARN_CONSTANT_CONVERSION = YES;
				CLANG_WARN_DEPRECATED_OBJC_IMPLEMENTATIONS = YES;
				CLANG_WARN_DIRECT_OBJC_ISA_USAGE = YES_ERROR;
				CLANG_WARN_DOCUMENTATION_COMMENTS = YES;
				CLANG_WARN_EMPTY_BODY = YES;
				CLANG_WARN_ENUM_CONVERSION = YES;
				CLANG_WARN_INFINITE_RECURSION = YES;
				CLANG_WARN_INT_CONVERSION = YES;
				CLANG_WARN_NON_LITERAL_NULL_CONVERSION = YES;
				CLANG_WARN_OBJC_IMPLICIT_RETAIN_SELF = YES;
				CLANG_WARN_OBJC_LITERAL_CONVERSION = YES;
				CLANG_WARN_OBJC_ROOT_CLASS = YES_ERROR;
				CLANG_WARN_QUOTED_INCLUDE_IN_FRAMEWORK_HEADER = YES;
				CLANG_WARN_RANGE_LOOP_ANALYSIS = YES;
				CLANG_WARN_STRICT_PROTOTYPES = YES;
				CLANG_WARN_SUSPICIOUS_MOVE = YES;
				CLANG_WARN_UNGUARDED_AVAILABILITY = YES_AGGRESSIVE;
				CLANG_WARN_UNREACHABLE_CODE = YES;
				CLANG_WARN__DUPLICATE_METHOD_MATCH = YES;
				COPY_PHASE_STRIP = NO;
				DEBUG_INFORMATION_FORMAT = "dwarf-with-dsym";
				ENABLE_NS_ASSERTIONS = NO;
				ENABLE_STRICT_OBJC_MSGSEND = YES;
				GCC_C_LANGUAGE_STANDARD = gnu11;
				GCC_NO_COMMON_BLOCKS = YES;
				GCC_WARN_64_TO_32_BIT_CONVERSION = YES;
				GCC_WARN_ABOUT_RETURN_TYPE = YES_ERROR;
				GCC_WARN_UNDECLARED_SELECTOR = YES;
				GCC_WARN_UNINITIALIZED_AUTOS = YES_AGGRESSIVE;
				GCC_WARN_UNUSED_FUNCTION = YES;
				GCC_WARN_UNUSED_VARIABLE = YES;
				IPHONEOS_DEPLOYMENT_TARGET = 16.1;
				MTL_ENABLE_DEBUG_INFO = NO;
				MTL_FAST_MATH = YES;
				SDKROOT = iphoneos;
				SWIFT_COMPILATION_MODE = wholemodule;
				SWIFT_OPTIMIZATION_LEVEL = "-O";
				VALIDATE_PRODUCT = YES;
			};
			name = Release;
		};
		D89C3359294F277300146974 /* Debug */ = {
			isa = XCBuildConfiguration;
			buildSettings = {
				ASSETCATALOG_COMPILER_APPICON_NAME = AppIcon;
				ASSETCATALOG_COMPILER_GLOBAL_ACCENT_COLOR_NAME = AccentColor;
				CODE_SIGN_STYLE = Automatic;
				CURRENT_PROJECT_VERSION = 1;
				DEVELOPMENT_TEAM = 285RFT4HL7;
				GENERATE_INFOPLIST_FILE = YES;
				INFOPLIST_FILE = FindMyPets/Info.plist;
				INFOPLIST_KEY_UIApplicationSupportsIndirectInputEvents = YES;
				INFOPLIST_KEY_UILaunchStoryboardName = LaunchScreen;
				INFOPLIST_KEY_UIMainStoryboardFile = "";
				INFOPLIST_KEY_UISupportedInterfaceOrientations = UIInterfaceOrientationPortrait;
				INFOPLIST_KEY_UISupportedInterfaceOrientations_iPad = "UIInterfaceOrientationLandscapeLeft UIInterfaceOrientationLandscapeRight UIInterfaceOrientationPortrait UIInterfaceOrientationPortraitUpsideDown";
				LD_RUNPATH_SEARCH_PATHS = (
					"$(inherited)",
					"@executable_path/Frameworks",
				);
				MARKETING_VERSION = 1.0;
				PRODUCT_BUNDLE_IDENTIFIER = alexshamrey.FindMyPets;
				PRODUCT_NAME = "$(TARGET_NAME)";
				SWIFT_EMIT_LOC_STRINGS = YES;
				SWIFT_VERSION = 5.0;
				TARGETED_DEVICE_FAMILY = "1,2";
			};
			name = Debug;
		};
		D89C335A294F277300146974 /* Release */ = {
			isa = XCBuildConfiguration;
			buildSettings = {
				ASSETCATALOG_COMPILER_APPICON_NAME = AppIcon;
				ASSETCATALOG_COMPILER_GLOBAL_ACCENT_COLOR_NAME = AccentColor;
				CODE_SIGN_STYLE = Automatic;
				CURRENT_PROJECT_VERSION = 1;
				DEVELOPMENT_TEAM = 285RFT4HL7;
				GENERATE_INFOPLIST_FILE = YES;
				INFOPLIST_FILE = FindMyPets/Info.plist;
				INFOPLIST_KEY_UIApplicationSupportsIndirectInputEvents = YES;
				INFOPLIST_KEY_UILaunchStoryboardName = LaunchScreen;
				INFOPLIST_KEY_UIMainStoryboardFile = "";
				INFOPLIST_KEY_UISupportedInterfaceOrientations = UIInterfaceOrientationPortrait;
				INFOPLIST_KEY_UISupportedInterfaceOrientations_iPad = "UIInterfaceOrientationLandscapeLeft UIInterfaceOrientationLandscapeRight UIInterfaceOrientationPortrait UIInterfaceOrientationPortraitUpsideDown";
				LD_RUNPATH_SEARCH_PATHS = (
					"$(inherited)",
					"@executable_path/Frameworks",
				);
				MARKETING_VERSION = 1.0;
				PRODUCT_BUNDLE_IDENTIFIER = alexshamrey.FindMyPets;
				PRODUCT_NAME = "$(TARGET_NAME)";
				SWIFT_EMIT_LOC_STRINGS = YES;
				SWIFT_VERSION = 5.0;
				TARGETED_DEVICE_FAMILY = "1,2";
			};
			name = Release;
		};
/* End XCBuildConfiguration section */

/* Begin XCConfigurationList section */
		D89C333F294F277200146974 /* Build configuration list for PBXProject "FindMyPets" */ = {
			isa = XCConfigurationList;
			buildConfigurations = (
				D89C3356294F277300146974 /* Debug */,
				D89C3357294F277300146974 /* Release */,
			);
			defaultConfigurationIsVisible = 0;
			defaultConfigurationName = Release;
		};
		D89C3358294F277300146974 /* Build configuration list for PBXNativeTarget "FindMyPets" */ = {
			isa = XCConfigurationList;
			buildConfigurations = (
				D89C3359294F277300146974 /* Debug */,
				D89C335A294F277300146974 /* Release */,
			);
			defaultConfigurationIsVisible = 0;
			defaultConfigurationName = Release;
		};
/* End XCConfigurationList section */

/* Begin XCVersionGroup section */
		D8CC7AF029579B6200D24F03 /* AdvertData.xcdatamodeld */ = {
			isa = XCVersionGroup;
			children = (
				D8CC7AF129579B6200D24F03 /* AdvertData.xcdatamodel */,
			);
			currentVersion = D8CC7AF129579B6200D24F03 /* AdvertData.xcdatamodel */;
			path = AdvertData.xcdatamodeld;
			sourceTree = "<group>";
			versionGroupType = wrapper.xcdatamodel;
		};
/* End XCVersionGroup section */
	};
	rootObject = D89C333C294F277200146974 /* Project object */;
}
